
Microsoft Visual Studio Solution File, Format Version 12.00
# Visual Studio Version 17
VisualStudioVersion = 17.3.32825.248
MinimumVisualStudioVersion = 10.0.40219.1
Project("{FAE04EC0-301F-11D3-BF4B-00C04F79EFBC}") = "Services.FrontendApi", "Services.FrontendApi\Services.FrontendApi.csproj", "{DED24AF4-4850-4154-809D-B07DAE5A48C9}"
EndProject
Global
	GlobalSection(SolutionConfigurationPlatforms) = preSolution
		Debug|Any CPU = Debug|Any CPU
		Release|Any CPU = Release|Any CPU
	EndGlobalSection
	GlobalSection(ProjectConfigurationPlatforms) = postSolution
		{DED24AF4-4850-4154-809D-B07DAE5A48C9}.Debug|Any CPU.ActiveCfg = Debug|Any CPU
		{DED24AF4-4850-4154-809D-B07DAE5A48C9}.Debug|Any CPU.Build.0 = Debug|Any CPU
		{DED24AF4-4850-4154-809D-B07DAE5A48C9}.Release|Any CPU.ActiveCfg = Release|Any CPU
		{DED24AF4-4850-4154-809D-B07DAE5A48C9}.Release|Any CPU.Build.0 = Release|Any CPU
	EndGlobalSection
	GlobalSection(SolutionProperties) = preSolution
		HideSolutionNode = FALSE
	EndGlobalSection
	GlobalSection(ExtensibilityGlobals) = postSolution
		SolutionGuid = {FA46F4CC-FF3A-46BE-87A3-B812627235F8}
	EndGlobalSection
EndGlobal
