
Microsoft Visual Studio Solution File, Format Version 12.00
# Visual Studio Version 17
VisualStudioVersion = 17.3.32825.248
MinimumVisualStudioVersion = 10.0.40219.1
Project("{9A19103F-16F7-4668-BE54-9A1E7A4F7556}") = "Services.FrontendApi", "Services.FrontendApi\Services.FrontendApi.csproj", "{DED24AF4-4850-4154-809D-B07DAE5A48C9}"
EndProject
Project("{FAE04EC0-301F-11D3-BF4B-00C04F79EFBC}") = "Services.StorageApi", "Services.StorageApi\Services.StorageApi.csproj", "{1FE4342E-299A-4F66-A597-74D359DEDC57}"
EndProject
Project("{9A19103F-16F7-4668-BE54-9A1E7A4F7556}") = "Services.BackendApi", "Services.BackendApi\Services.BackendApi.csproj", "{71C0D7C3-5417-46D9-9C2F-0A5420BF61E8}"
EndProject
Global
	GlobalSection(SolutionConfigurationPlatforms) = preSolution
		Debug|Any CPU = Debug|Any CPU
		Release|Any CPU = Release|Any CPU
	EndGlobalSection
	GlobalSection(ProjectConfigurationPlatforms) = postSolution
		{DED24AF4-4850-4154-809D-B07DAE5A48C9}.Debug|Any CPU.ActiveCfg = Debug|Any CPU
		{DED24AF4-4850-4154-809D-B07DAE5A48C9}.Debug|Any CPU.Build.0 = Debug|Any CPU
		{DED24AF4-4850-4154-809D-B07DAE5A48C9}.Release|Any CPU.ActiveCfg = Release|Any CPU
		{DED24AF4-4850-4154-809D-B07DAE5A48C9}.Release|Any CPU.Build.0 = Release|Any CPU
		{1FE4342E-299A-4F66-A597-74D359DEDC57}.Debug|Any CPU.ActiveCfg = Debug|Any CPU
		{1FE4342E-299A-4F66-A597-74D359DEDC57}.Debug|Any CPU.Build.0 = Debug|Any CPU
		{1FE4342E-299A-4F66-A597-74D359DEDC57}.Release|Any CPU.ActiveCfg = Release|Any CPU
		{1FE4342E-299A-4F66-A597-74D359DEDC57}.Release|Any CPU.Build.0 = Release|Any CPU
		{71C0D7C3-5417-46D9-9C2F-0A5420BF61E8}.Debug|Any CPU.ActiveCfg = Debug|Any CPU
		{71C0D7C3-5417-46D9-9C2F-0A5420BF61E8}.Debug|Any CPU.Build.0 = Debug|Any CPU
		{71C0D7C3-5417-46D9-9C2F-0A5420BF61E8}.Release|Any CPU.ActiveCfg = Release|Any CPU
		{71C0D7C3-5417-46D9-9C2F-0A5420BF61E8}.Release|Any CPU.Build.0 = Release|Any CPU
	EndGlobalSection
	GlobalSection(SolutionProperties) = preSolution
		HideSolutionNode = FALSE
	EndGlobalSection
	GlobalSection(ExtensibilityGlobals) = postSolution
		SolutionGuid = {FA46F4CC-FF3A-46BE-87A3-B812627235F8}
	EndGlobalSection
EndGlobal
